
Microsoft Visual Studio Solution File, Format Version 12.00
# Visual Studio Version 17
VisualStudioVersion = 17.9.34728.123
MinimumVisualStudioVersion = 10.0.40219.1
Project("{2150E333-8FDC-42A3-9474-1A3956D46DE8}") = "Src", "Src", "{5E36C419-80FD-4866-AD15-6338FA5702A8}"
EndProject
Project("{2150E333-8FDC-42A3-9474-1A3956D46DE8}") = "test", "test", "{D288929E-1F04-489B-ABBB-9082C6F64003}"
EndProject
Project("{9A19103F-16F7-4668-BE54-9A1E7A4F7556}") = "Application", "Application\Application.csproj", "{73F38652-C5E0-4732-9211-9277C440C5A8}"
EndProject
Project("{9A19103F-16F7-4668-BE54-9A1E7A4F7556}") = "Infrastructure", "Infrastructure\Infrastructure.csproj", "{3B5B8166-A4F3-44E5-95C2-3B5EFA2A2246}"
EndProject
Project("{9A19103F-16F7-4668-BE54-9A1E7A4F7556}") = "Domain", "Domain\Domain.csproj", "{E9DA86C2-7B96-429D-8460-9EFF64D21BE2}"
EndProject
Project("{FAE04EC0-301F-11D3-BF4B-00C04F79EFBC}") = "Api", "Api\Api.csproj", "{1C0878FA-23F1-442B-B9F5-BE9E3B19F2A4}"
EndProject
Global
	GlobalSection(SolutionConfigurationPlatforms) = preSolution
		Debug|Any CPU = Debug|Any CPU
		Release|Any CPU = Release|Any CPU
	EndGlobalSection
	GlobalSection(ProjectConfigurationPlatforms) = postSolution
		{73F38652-C5E0-4732-9211-9277C440C5A8}.Debug|Any CPU.ActiveCfg = Debug|Any CPU
		{73F38652-C5E0-4732-9211-9277C440C5A8}.Debug|Any CPU.Build.0 = Debug|Any CPU
		{73F38652-C5E0-4732-9211-9277C440C5A8}.Release|Any CPU.ActiveCfg = Release|Any CPU
		{73F38652-C5E0-4732-9211-9277C440C5A8}.Release|Any CPU.Build.0 = Release|Any CPU
		{3B5B8166-A4F3-44E5-95C2-3B5EFA2A2246}.Debug|Any CPU.ActiveCfg = Debug|Any CPU
		{3B5B8166-A4F3-44E5-95C2-3B5EFA2A2246}.Debug|Any CPU.Build.0 = Debug|Any CPU
		{3B5B8166-A4F3-44E5-95C2-3B5EFA2A2246}.Release|Any CPU.ActiveCfg = Release|Any CPU
		{3B5B8166-A4F3-44E5-95C2-3B5EFA2A2246}.Release|Any CPU.Build.0 = Release|Any CPU
		{E9DA86C2-7B96-429D-8460-9EFF64D21BE2}.Debug|Any CPU.ActiveCfg = Debug|Any CPU
		{E9DA86C2-7B96-429D-8460-9EFF64D21BE2}.Debug|Any CPU.Build.0 = Debug|Any CPU
		{E9DA86C2-7B96-429D-8460-9EFF64D21BE2}.Release|Any CPU.ActiveCfg = Release|Any CPU
		{E9DA86C2-7B96-429D-8460-9EFF64D21BE2}.Release|Any CPU.Build.0 = Release|Any CPU
		{1C0878FA-23F1-442B-B9F5-BE9E3B19F2A4}.Debug|Any CPU.ActiveCfg = Debug|Any CPU
		{1C0878FA-23F1-442B-B9F5-BE9E3B19F2A4}.Debug|Any CPU.Build.0 = Debug|Any CPU
		{1C0878FA-23F1-442B-B9F5-BE9E3B19F2A4}.Release|Any CPU.ActiveCfg = Release|Any CPU
		{1C0878FA-23F1-442B-B9F5-BE9E3B19F2A4}.Release|Any CPU.Build.0 = Release|Any CPU
	EndGlobalSection
	GlobalSection(SolutionProperties) = preSolution
		HideSolutionNode = FALSE
	EndGlobalSection
	GlobalSection(NestedProjects) = preSolution
		{73F38652-C5E0-4732-9211-9277C440C5A8} = {5E36C419-80FD-4866-AD15-6338FA5702A8}
		{3B5B8166-A4F3-44E5-95C2-3B5EFA2A2246} = {5E36C419-80FD-4866-AD15-6338FA5702A8}
		{E9DA86C2-7B96-429D-8460-9EFF64D21BE2} = {5E36C419-80FD-4866-AD15-6338FA5702A8}
		{1C0878FA-23F1-442B-B9F5-BE9E3B19F2A4} = {5E36C419-80FD-4866-AD15-6338FA5702A8}
	EndGlobalSection
	GlobalSection(ExtensibilityGlobals) = postSolution
		SolutionGuid = {0095310B-051D-42A9-8376-3CC7619DD541}
	EndGlobalSection
EndGlobal
